// !$*UTF8*$!
{
	archiveVersion = 1;
	classes = {
	};
	objectVersion = 56;
	objects = {

/* Begin PBXBuildFile section */
		E3DDFFEE2CD90BC400CFEDD1 /* Poppins-Regular.otf in Resources */ = {isa = PBXBuildFile; fileRef = E3DDFFEC2CD90BC300CFEDD1 /* Poppins-Regular.otf */; };
		E3DDFFEF2CD90BC400CFEDD1 /* Poppins-SemiBold.ttf in Resources */ = {isa = PBXBuildFile; fileRef = E3DDFFED2CD90BC300CFEDD1 /* Poppins-SemiBold.ttf */; };
		E3DEB7CA2CD7D72C0035CF99 /* CathayHackathonApp.swift in Sources */ = {isa = PBXBuildFile; fileRef = E3DEB7C92CD7D72C0035CF99 /* CathayHackathonApp.swift */; };
		E3DEB7CC2CD7D72C0035CF99 /* ContentView.swift in Sources */ = {isa = PBXBuildFile; fileRef = E3DEB7CB2CD7D72C0035CF99 /* ContentView.swift */; };
		E3DEB7CE2CD7D72C0035CF99 /* Item.swift in Sources */ = {isa = PBXBuildFile; fileRef = E3DEB7CD2CD7D72C0035CF99 /* Item.swift */; };
		E3DEB7D02CD7D72F0035CF99 /* Assets.xcassets in Resources */ = {isa = PBXBuildFile; fileRef = E3DEB7CF2CD7D72F0035CF99 /* Assets.xcassets */; };
		E3DEB7D32CD7D72F0035CF99 /* Preview Assets.xcassets in Resources */ = {isa = PBXBuildFile; fileRef = E3DEB7D22CD7D72F0035CF99 /* Preview Assets.xcassets */; };
		E3DEB7DA2CD7DCB80035CF99 /* DataScannerView.swift in Sources */ = {isa = PBXBuildFile; fileRef = E3DEB7D92CD7DCB80035CF99 /* DataScannerView.swift */; };
/* End PBXBuildFile section */

/* Begin PBXFileReference section */
		E3DDFFEC2CD90BC300CFEDD1 /* Poppins-Regular.otf */ = {isa = PBXFileReference; lastKnownFileType = file; path = "Poppins-Regular.otf"; sourceTree = "<group>"; };
		E3DDFFED2CD90BC300CFEDD1 /* Poppins-SemiBold.ttf */ = {isa = PBXFileReference; lastKnownFileType = file; path = "Poppins-SemiBold.ttf"; sourceTree = "<group>"; };
		E3DDFFF02CD90C8000CFEDD1 /* Info.plist */ = {isa = PBXFileReference; lastKnownFileType = text.plist; path = Info.plist; sourceTree = "<group>"; };
		E3DEB7C62CD7D72C0035CF99 /* CathayHackathon.app */ = {isa = PBXFileReference; explicitFileType = wrapper.application; includeInIndex = 0; path = CathayHackathon.app; sourceTree = BUILT_PRODUCTS_DIR; };
		E3DEB7C92CD7D72C0035CF99 /* CathayHackathonApp.swift */ = {isa = PBXFileReference; lastKnownFileType = sourcecode.swift; path = CathayHackathonApp.swift; sourceTree = "<group>"; };
		E3DEB7CB2CD7D72C0035CF99 /* ContentView.swift */ = {isa = PBXFileReference; lastKnownFileType = sourcecode.swift; path = ContentView.swift; sourceTree = "<group>"; };
		E3DEB7CD2CD7D72C0035CF99 /* Item.swift */ = {isa = PBXFileReference; lastKnownFileType = sourcecode.swift; path = Item.swift; sourceTree = "<group>"; };
		E3DEB7CF2CD7D72F0035CF99 /* Assets.xcassets */ = {isa = PBXFileReference; lastKnownFileType = folder.assetcatalog; path = Assets.xcassets; sourceTree = "<group>"; };
		E3DEB7D22CD7D72F0035CF99 /* Preview Assets.xcassets */ = {isa = PBXFileReference; lastKnownFileType = folder.assetcatalog; path = "Preview Assets.xcassets"; sourceTree = "<group>"; };
		E3DEB7D92CD7DCB80035CF99 /* DataScannerView.swift */ = {isa = PBXFileReference; lastKnownFileType = sourcecode.swift; path = DataScannerView.swift; sourceTree = "<group>"; };
/* End PBXFileReference section */

/* Begin PBXFrameworksBuildPhase section */
		E3DEB7C32CD7D72C0035CF99 /* Frameworks */ = {
			isa = PBXFrameworksBuildPhase;
			buildActionMask = 2147483647;
			files = (
			);
			runOnlyForDeploymentPostprocessing = 0;
		};
/* End PBXFrameworksBuildPhase section */

/* Begin PBXGroup section */
		E3DDFFEB2CD90BC300CFEDD1 /* Font */ = {
			isa = PBXGroup;
			children = (
				E3DDFFEC2CD90BC300CFEDD1 /* Poppins-Regular.otf */,
				E3DDFFED2CD90BC300CFEDD1 /* Poppins-SemiBold.ttf */,
			);
			path = Font;
			sourceTree = "<group>";
		};
		E3DEB7BD2CD7D72C0035CF99 = {
			isa = PBXGroup;
			children = (
				E3DEB7C82CD7D72C0035CF99 /* CathayHackathon */,
				E3DEB7C72CD7D72C0035CF99 /* Products */,
			);
			sourceTree = "<group>";
		};
		E3DEB7C72CD7D72C0035CF99 /* Products */ = {
			isa = PBXGroup;
			children = (
				E3DEB7C62CD7D72C0035CF99 /* CathayHackathon.app */,
			);
			name = Products;
			sourceTree = "<group>";
		};
		E3DEB7C82CD7D72C0035CF99 /* CathayHackathon */ = {
			isa = PBXGroup;
			children = (
				E3DDFFF02CD90C8000CFEDD1 /* Info.plist */,
				E3DEB7C92CD7D72C0035CF99 /* CathayHackathonApp.swift */,
				E3DEB7CB2CD7D72C0035CF99 /* ContentView.swift */,
				E3DEB7D92CD7DCB80035CF99 /* DataScannerView.swift */,
				E3DDFFEB2CD90BC300CFEDD1 /* Font */,
				E3DEB7CD2CD7D72C0035CF99 /* Item.swift */,
				E3DEB7CF2CD7D72F0035CF99 /* Assets.xcassets */,
				E3DEB7D12CD7D72F0035CF99 /* Preview Content */,
			);
			path = CathayHackathon;
			sourceTree = "<group>";
		};
		E3DEB7D12CD7D72F0035CF99 /* Preview Content */ = {
			isa = PBXGroup;
			children = (
				E3DEB7D22CD7D72F0035CF99 /* Preview Assets.xcassets */,
			);
			path = "Preview Content";
			sourceTree = "<group>";
		};
/* End PBXGroup section */

/* Begin PBXNativeTarget section */
		E3DEB7C52CD7D72C0035CF99 /* CathayHackathon */ = {
			isa = PBXNativeTarget;
			buildConfigurationList = E3DEB7D62CD7D72F0035CF99 /* Build configuration list for PBXNativeTarget "CathayHackathon" */;
			buildPhases = (
				E3DEB7C22CD7D72C0035CF99 /* Sources */,
				E3DEB7C32CD7D72C0035CF99 /* Frameworks */,
				E3DEB7C42CD7D72C0035CF99 /* Resources */,
			);
			buildRules = (
			);
			dependencies = (
			);
			name = CathayHackathon;
			productName = CathayHackathon;
			productReference = E3DEB7C62CD7D72C0035CF99 /* CathayHackathon.app */;
			productType = "com.apple.product-type.application";
		};
/* End PBXNativeTarget section */

/* Begin PBXProject section */
		E3DEB7BE2CD7D72C0035CF99 /* Project object */ = {
			isa = PBXProject;
			attributes = {
				BuildIndependentTargetsInParallel = 1;
				LastSwiftUpdateCheck = 1520;
				LastUpgradeCheck = 1520;
				TargetAttributes = {
					E3DEB7C52CD7D72C0035CF99 = {
						CreatedOnToolsVersion = 15.2;
					};
				};
			};
			buildConfigurationList = E3DEB7C12CD7D72C0035CF99 /* Build configuration list for PBXProject "CathayHackathon" */;
			compatibilityVersion = "Xcode 14.0";
			developmentRegion = en;
			hasScannedForEncodings = 0;
			knownRegions = (
				en,
				Base,
			);
			mainGroup = E3DEB7BD2CD7D72C0035CF99;
			productRefGroup = E3DEB7C72CD7D72C0035CF99 /* Products */;
			projectDirPath = "";
			projectRoot = "";
			targets = (
				E3DEB7C52CD7D72C0035CF99 /* CathayHackathon */,
			);
		};
/* End PBXProject section */

/* Begin PBXResourcesBuildPhase section */
		E3DEB7C42CD7D72C0035CF99 /* Resources */ = {
			isa = PBXResourcesBuildPhase;
			buildActionMask = 2147483647;
			files = (
				E3DDFFEE2CD90BC400CFEDD1 /* Poppins-Regular.otf in Resources */,
				E3DDFFEF2CD90BC400CFEDD1 /* Poppins-SemiBold.ttf in Resources */,
				E3DEB7D32CD7D72F0035CF99 /* Preview Assets.xcassets in Resources */,
				E3DEB7D02CD7D72F0035CF99 /* Assets.xcassets in Resources */,
			);
			runOnlyForDeploymentPostprocessing = 0;
		};
/* End PBXResourcesBuildPhase section */

/* Begin PBXSourcesBuildPhase section */
		E3DEB7C22CD7D72C0035CF99 /* Sources */ = {
			isa = PBXSourcesBuildPhase;
			buildActionMask = 2147483647;
			files = (
				E3DEB7CC2CD7D72C0035CF99 /* ContentView.swift in Sources */,
				E3DEB7CE2CD7D72C0035CF99 /* Item.swift in Sources */,
				E3DEB7CA2CD7D72C0035CF99 /* CathayHackathonApp.swift in Sources */,
				E3DEB7DA2CD7DCB80035CF99 /* DataScannerView.swift in Sources */,
			);
			runOnlyForDeploymentPostprocessing = 0;
		};
/* End PBXSourcesBuildPhase section */

/* Begin XCBuildConfiguration section */
		E3DEB7D42CD7D72F0035CF99 /* Debug */ = {
			isa = XCBuildConfiguration;
			buildSettings = {
				ALWAYS_SEARCH_USER_PATHS = NO;
				ASSETCATALOG_COMPILER_GENERATE_SWIFT_ASSET_SYMBOL_EXTENSIONS = YES;
				CLANG_ANALYZER_NONNULL = YES;
				CLANG_ANALYZER_NUMBER_OBJECT_CONVERSION = YES_AGGRESSIVE;
				CLANG_CXX_LANGUAGE_STANDARD = "gnu++20";
				CLANG_ENABLE_MODULES = YES;
				CLANG_ENABLE_OBJC_ARC = YES;
				CLANG_ENABLE_OBJC_WEAK = YES;
				CLANG_WARN_BLOCK_CAPTURE_AUTORELEASING = YES;
				CLANG_WARN_BOOL_CONVERSION = YES;
				CLANG_WARN_COMMA = YES;
				CLANG_WARN_CONSTANT_CONVERSION = YES;
				CLANG_WARN_DEPRECATED_OBJC_IMPLEMENTATIONS = YES;
				CLANG_WARN_DIRECT_OBJC_ISA_USAGE = YES_ERROR;
				CLANG_WARN_DOCUMENTATION_COMMENTS = YES;
				CLANG_WARN_EMPTY_BODY = YES;
				CLANG_WARN_ENUM_CONVERSION = YES;
				CLANG_WARN_INFINITE_RECURSION = YES;
				CLANG_WARN_INT_CONVERSION = YES;
				CLANG_WARN_NON_LITERAL_NULL_CONVERSION = YES;
				CLANG_WARN_OBJC_IMPLICIT_RETAIN_SELF = YES;
				CLANG_WARN_OBJC_LITERAL_CONVERSION = YES;
				CLANG_WARN_OBJC_ROOT_CLASS = YES_ERROR;
				CLANG_WARN_QUOTED_INCLUDE_IN_FRAMEWORK_HEADER = YES;
				CLANG_WARN_RANGE_LOOP_ANALYSIS = YES;
				CLANG_WARN_STRICT_PROTOTYPES = YES;
				CLANG_WARN_SUSPICIOUS_MOVE = YES;
				CLANG_WARN_UNGUARDED_AVAILABILITY = YES_AGGRESSIVE;
				CLANG_WARN_UNREACHABLE_CODE = YES;
				CLANG_WARN__DUPLICATE_METHOD_MATCH = YES;
				COPY_PHASE_STRIP = NO;
				DEBUG_INFORMATION_FORMAT = dwarf;
				ENABLE_STRICT_OBJC_MSGSEND = YES;
				ENABLE_TESTABILITY = YES;
				ENABLE_USER_SCRIPT_SANDBOXING = YES;
				GCC_C_LANGUAGE_STANDARD = gnu17;
				GCC_DYNAMIC_NO_PIC = NO;
				GCC_NO_COMMON_BLOCKS = YES;
				GCC_OPTIMIZATION_LEVEL = 0;
				GCC_PREPROCESSOR_DEFINITIONS = (
					"DEBUG=1",
					"$(inherited)",
				);
				GCC_WARN_64_TO_32_BIT_CONVERSION = YES;
				GCC_WARN_ABOUT_RETURN_TYPE = YES_ERROR;
				GCC_WARN_UNDECLARED_SELECTOR = YES;
				GCC_WARN_UNINITIALIZED_AUTOS = YES_AGGRESSIVE;
				GCC_WARN_UNUSED_FUNCTION = YES;
				GCC_WARN_UNUSED_VARIABLE = YES;
				IPHONEOS_DEPLOYMENT_TARGET = 17.2;
				LOCALIZATION_PREFERS_STRING_CATALOGS = YES;
				MTL_ENABLE_DEBUG_INFO = INCLUDE_SOURCE;
				MTL_FAST_MATH = YES;
				ONLY_ACTIVE_ARCH = YES;
				SDKROOT = iphoneos;
				SWIFT_ACTIVE_COMPILATION_CONDITIONS = "DEBUG $(inherited)";
				SWIFT_OPTIMIZATION_LEVEL = "-Onone";
			};
			name = Debug;
		};
		E3DEB7D52CD7D72F0035CF99 /* Release */ = {
			isa = XCBuildConfiguration;
			buildSettings = {
				ALWAYS_SEARCH_USER_PATHS = NO;
				ASSETCATALOG_COMPILER_GENERATE_SWIFT_ASSET_SYMBOL_EXTENSIONS = YES;
				CLANG_ANALYZER_NONNULL = YES;
				CLANG_ANALYZER_NUMBER_OBJECT_CONVERSION = YES_AGGRESSIVE;
				CLANG_CXX_LANGUAGE_STANDARD = "gnu++20";
				CLANG_ENABLE_MODULES = YES;
				CLANG_ENABLE_OBJC_ARC = YES;
				CLANG_ENABLE_OBJC_WEAK = YES;
				CLANG_WARN_BLOCK_CAPTURE_AUTORELEASING = YES;
				CLANG_WARN_BOOL_CONVERSION = YES;
				CLANG_WARN_COMMA = YES;
				CLANG_WARN_CONSTANT_CONVERSION = YES;
				CLANG_WARN_DEPRECATED_OBJC_IMPLEMENTATIONS = YES;
				CLANG_WARN_DIRECT_OBJC_ISA_USAGE = YES_ERROR;
				CLANG_WARN_DOCUMENTATION_COMMENTS = YES;
				CLANG_WARN_EMPTY_BODY = YES;
				CLANG_WARN_ENUM_CONVERSION = YES;
				CLANG_WARN_INFINITE_RECURSION = YES;
				CLANG_WARN_INT_CONVERSION = YES;
				CLANG_WARN_NON_LITERAL_NULL_CONVERSION = YES;
				CLANG_WARN_OBJC_IMPLICIT_RETAIN_SELF = YES;
				CLANG_WARN_OBJC_LITERAL_CONVERSION = YES;
				CLANG_WARN_OBJC_ROOT_CLASS = YES_ERROR;
				CLANG_WARN_QUOTED_INCLUDE_IN_FRAMEWORK_HEADER = YES;
				CLANG_WARN_RANGE_LOOP_ANALYSIS = YES;
				CLANG_WARN_STRICT_PROTOTYPES = YES;
				CLANG_WARN_SUSPICIOUS_MOVE = YES;
				CLANG_WARN_UNGUARDED_AVAILABILITY = YES_AGGRESSIVE;
				CLANG_WARN_UNREACHABLE_CODE = YES;
				CLANG_WARN__DUPLICATE_METHOD_MATCH = YES;
				COPY_PHASE_STRIP = NO;
				DEBUG_INFORMATION_FORMAT = "dwarf-with-dsym";
				ENABLE_NS_ASSERTIONS = NO;
				ENABLE_STRICT_OBJC_MSGSEND = YES;
				ENABLE_USER_SCRIPT_SANDBOXING = YES;
				GCC_C_LANGUAGE_STANDARD = gnu17;
				GCC_NO_COMMON_BLOCKS = YES;
				GCC_WARN_64_TO_32_BIT_CONVERSION = YES;
				GCC_WARN_ABOUT_RETURN_TYPE = YES_ERROR;
				GCC_WARN_UNDECLARED_SELECTOR = YES;
				GCC_WARN_UNINITIALIZED_AUTOS = YES_AGGRESSIVE;
				GCC_WARN_UNUSED_FUNCTION = YES;
				GCC_WARN_UNUSED_VARIABLE = YES;
				IPHONEOS_DEPLOYMENT_TARGET = 17.2;
				LOCALIZATION_PREFERS_STRING_CATALOGS = YES;
				MTL_ENABLE_DEBUG_INFO = NO;
				MTL_FAST_MATH = YES;
				SDKROOT = iphoneos;
				SWIFT_COMPILATION_MODE = wholemodule;
				VALIDATE_PRODUCT = YES;
			};
			name = Release;
		};
		E3DEB7D72CD7D72F0035CF99 /* Debug */ = {
			isa = XCBuildConfiguration;
			buildSettings = {
				ASSETCATALOG_COMPILER_APPICON_NAME = AppIcon;
				ASSETCATALOG_COMPILER_GLOBAL_ACCENT_COLOR_NAME = AccentColor;
				CODE_SIGN_STYLE = Automatic;
				CURRENT_PROJECT_VERSION = 1;
				DEVELOPMENT_ASSET_PATHS = "\"CathayHackathon/Preview Content\"";
				DEVELOPMENT_TEAM = NG7CUXHX22;
				ENABLE_PREVIEWS = YES;
				GENERATE_INFOPLIST_FILE = YES;
				INFOPLIST_FILE = CathayHackathon/Info.plist;
				INFOPLIST_KEY_CFBundleDisplayName = SmartFlight;
				INFOPLIST_KEY_LSApplicationCategoryType = "";
				INFOPLIST_KEY_NSCameraUsageDescription = "Camera is needed to scan barcode";
				INFOPLIST_KEY_UIApplicationSceneManifest_Generation = YES;
				INFOPLIST_KEY_UIApplicationSupportsIndirectInputEvents = YES;
				INFOPLIST_KEY_UILaunchScreen_Generation = YES;
				INFOPLIST_KEY_UISupportedInterfaceOrientations_iPad = "UIInterfaceOrientationPortrait UIInterfaceOrientationPortraitUpsideDown UIInterfaceOrientationLandscapeLeft UIInterfaceOrientationLandscapeRight";
				INFOPLIST_KEY_UISupportedInterfaceOrientations_iPhone = "UIInterfaceOrientationPortrait UIInterfaceOrientationLandscapeLeft UIInterfaceOrientationLandscapeRight";
				LD_RUNPATH_SEARCH_PATHS = (
					"$(inherited)",
					"@executable_path/Frameworks",
				);
				MARKETING_VERSION = 1.0;
				PRODUCT_BUNDLE_IDENTIFIER = com.shannonsie.CathayHackathon;
				PRODUCT_NAME = "$(TARGET_NAME)";
				SWIFT_EMIT_LOC_STRINGS = YES;
				SWIFT_VERSION = 5.0;
				TARGETED_DEVICE_FAMILY = "1,2";
			};
			name = Debug;
		};
		E3DEB7D82CD7D72F0035CF99 /* Release */ = {
			isa = XCBuildConfiguration;
			buildSettings = {
				ASSETCATALOG_COMPILER_APPICON_NAME = AppIcon;
				ASSETCATALOG_COMPILER_GLOBAL_ACCENT_COLOR_NAME = AccentColor;
				CODE_SIGN_STYLE = Automatic;
				CURRENT_PROJECT_VERSION = 1;
				DEVELOPMENT_ASSET_PATHS = "\"CathayHackathon/Preview Content\"";
				DEVELOPMENT_TEAM = NG7CUXHX22;
				ENABLE_PREVIEWS = YES;
				GENERATE_INFOPLIST_FILE = YES;
				INFOPLIST_FILE = CathayHackathon/Info.plist;
				INFOPLIST_KEY_CFBundleDisplayName = SmartFlight;
				INFOPLIST_KEY_LSApplicationCategoryType = "";
				INFOPLIST_KEY_NSCameraUsageDescription = "Camera is needed to scan barcode";
				INFOPLIST_KEY_UIApplicationSceneManifest_Generation = YES;
				INFOPLIST_KEY_UIApplicationSupportsIndirectInputEvents = YES;
				INFOPLIST_KEY_UILaunchScreen_Generation = YES;
				INFOPLIST_KEY_UISupportedInterfaceOrientations_iPad = "UIInterfaceOrientationPortrait UIInterfaceOrientationPortraitUpsideDown UIInterfaceOrientationLandscapeLeft UIInterfaceOrientationLandscapeRight";
				INFOPLIST_KEY_UISupportedInterfaceOrientations_iPhone = "UIInterfaceOrientationPortrait UIInterfaceOrientationLandscapeLeft UIInterfaceOrientationLandscapeRight";
				LD_RUNPATH_SEARCH_PATHS = (
					"$(inherited)",
					"@executable_path/Frameworks",
				);
				MARKETING_VERSION = 1.0;
				PRODUCT_BUNDLE_IDENTIFIER = com.shannonsie.CathayHackathon;
				PRODUCT_NAME = "$(TARGET_NAME)";
				SWIFT_EMIT_LOC_STRINGS = YES;
				SWIFT_VERSION = 5.0;
				TARGETED_DEVICE_FAMILY = "1,2";
			};
			name = Release;
		};
/* End XCBuildConfiguration section */

/* Begin XCConfigurationList section */
		E3DEB7C12CD7D72C0035CF99 /* Build configuration list for PBXProject "CathayHackathon" */ = {
			isa = XCConfigurationList;
			buildConfigurations = (
				E3DEB7D42CD7D72F0035CF99 /* Debug */,
				E3DEB7D52CD7D72F0035CF99 /* Release */,
			);
			defaultConfigurationIsVisible = 0;
			defaultConfigurationName = Release;
		};
		E3DEB7D62CD7D72F0035CF99 /* Build configuration list for PBXNativeTarget "CathayHackathon" */ = {
			isa = XCConfigurationList;
			buildConfigurations = (
				E3DEB7D72CD7D72F0035CF99 /* Debug */,
				E3DEB7D82CD7D72F0035CF99 /* Release */,
			);
			defaultConfigurationIsVisible = 0;
			defaultConfigurationName = Release;
		};
/* End XCConfigurationList section */
	};
	rootObject = E3DEB7BE2CD7D72C0035CF99 /* Project object */;
}
